
Microsoft Visual Studio Solution File, Format Version 12.00
# Visual Studio 2013
VisualStudioVersion = 12.0.31101.0
MinimumVisualStudioVersion = 10.0.40219.1
Project("{FAE04EC0-301F-11D3-BF4B-00C04F79EFBC}") = "Bowling.Domain", "Bowling.Domain\Bowling.Domain.csproj", "{8BD4DD98-F1B4-4B28-8469-B91622592141}"
EndProject
Project("{FAE04EC0-301F-11D3-BF4B-00C04F79EFBC}") = "Bowling.Tests", "Bowling.Tests\Bowling.Tests.csproj", "{3ACCAFFB-DAF5-4946-BA39-67B5EA5AD07D}"
EndProject
Project("{2150E333-8FDC-42A3-9474-1A3956D46DE8}") = ".nuget", ".nuget", "{3F088A9C-6B8F-4CCA-B85A-1E3F7E7B6B05}"
	ProjectSection(SolutionItems) = preProject
		.nuget\packages.config = .nuget\packages.config
	EndProjectSection
EndProject
Global
	GlobalSection(SolutionConfigurationPlatforms) = preSolution
		Debug|Any CPU = Debug|Any CPU
		Release|Any CPU = Release|Any CPU
	EndGlobalSection
	GlobalSection(ProjectConfigurationPlatforms) = postSolution
		{8BD4DD98-F1B4-4B28-8469-B91622592141}.Debug|Any CPU.ActiveCfg = Debug|Any CPU
		{8BD4DD98-F1B4-4B28-8469-B91622592141}.Debug|Any CPU.Build.0 = Debug|Any CPU
		{8BD4DD98-F1B4-4B28-8469-B91622592141}.Release|Any CPU.ActiveCfg = Release|Any CPU
		{8BD4DD98-F1B4-4B28-8469-B91622592141}.Release|Any CPU.Build.0 = Release|Any CPU
		{3ACCAFFB-DAF5-4946-BA39-67B5EA5AD07D}.Debug|Any CPU.ActiveCfg = Debug|Any CPU
		{3ACCAFFB-DAF5-4946-BA39-67B5EA5AD07D}.Debug|Any CPU.Build.0 = Debug|Any CPU
		{3ACCAFFB-DAF5-4946-BA39-67B5EA5AD07D}.Release|Any CPU.ActiveCfg = Release|Any CPU
		{3ACCAFFB-DAF5-4946-BA39-67B5EA5AD07D}.Release|Any CPU.Build.0 = Release|Any CPU
	EndGlobalSection
	GlobalSection(SolutionProperties) = preSolution
		HideSolutionNode = FALSE
	EndGlobalSection
EndGlobal
